
Microsoft Visual Studio Solution File, Format Version 12.00
# Visual Studio Version 16
VisualStudioVersion = 16.0.33529.622
MinimumVisualStudioVersion = 10.0.40219.1
Project("{FAE04EC0-301F-11D3-BF4B-00C04F79EFBC}") = "envio mails", "envio mails\envio mails.csproj", "{F215CC66-DAB2-4277-B4A8-A07507945BEC}"
EndProject
Global
	GlobalSection(SolutionConfigurationPlatforms) = preSolution
		Debug|Any CPU = Debug|Any CPU
		Release|Any CPU = Release|Any CPU
	EndGlobalSection
	GlobalSection(ProjectConfigurationPlatforms) = postSolution
		{F215CC66-DAB2-4277-B4A8-A07507945BEC}.Debug|Any CPU.ActiveCfg = Debug|Any CPU
		{F215CC66-DAB2-4277-B4A8-A07507945BEC}.Debug|Any CPU.Build.0 = Debug|Any CPU
		{F215CC66-DAB2-4277-B4A8-A07507945BEC}.Release|Any CPU.ActiveCfg = Release|Any CPU
		{F215CC66-DAB2-4277-B4A8-A07507945BEC}.Release|Any CPU.Build.0 = Release|Any CPU
	EndGlobalSection
	GlobalSection(SolutionProperties) = preSolution
		HideSolutionNode = FALSE
	EndGlobalSection
	GlobalSection(ExtensibilityGlobals) = postSolution
		SolutionGuid = {F6A60E5D-27CE-443F-97A0-CFB7483F3070}
	EndGlobalSection
EndGlobal
